
Microsoft Visual Studio Solution File, Format Version 12.00
# Visual Studio Version 17
VisualStudioVersion = 17.3.32922.545
MinimumVisualStudioVersion = 10.0.40219.1
Project("{FAE04EC0-301F-11D3-BF4B-00C04F79EFBC}") = "SignalR_Samples", "SignalR_Samples\SignalR_Samples.csproj", "{1ECF5CDB-8EB8-4F60-88AD-138ED1037744}"
EndProject
Global
	GlobalSection(SolutionConfigurationPlatforms) = preSolution
		Debug|Any CPU = Debug|Any CPU
		Release|Any CPU = Release|Any CPU
	EndGlobalSection
	GlobalSection(ProjectConfigurationPlatforms) = postSolution
		{1ECF5CDB-8EB8-4F60-88AD-138ED1037744}.Debug|Any CPU.ActiveCfg = Debug|Any CPU
		{1ECF5CDB-8EB8-4F60-88AD-138ED1037744}.Debug|Any CPU.Build.0 = Debug|Any CPU
		{1ECF5CDB-8EB8-4F60-88AD-138ED1037744}.Release|Any CPU.ActiveCfg = Release|Any CPU
		{1ECF5CDB-8EB8-4F60-88AD-138ED1037744}.Release|Any CPU.Build.0 = Release|Any CPU
	EndGlobalSection
	GlobalSection(SolutionProperties) = preSolution
		HideSolutionNode = FALSE
	EndGlobalSection
	GlobalSection(ExtensibilityGlobals) = postSolution
		SolutionGuid = {AAE90B72-DD37-4678-B922-08F1ABF24CD2}
	EndGlobalSection
EndGlobal
